// !$*UTF8*$!
{
	archiveVersion = 1;
	classes = {
	};
	objectVersion = 46;
	objects = {

/* Begin PBXBuildFile section */
		490080741FBBD89A00388DA9 /* AppDelegate.swift in Sources */ = {isa = PBXBuildFile; fileRef = 490080731FBBD89A00388DA9 /* AppDelegate.swift */; };
		490080761FBBD89A00388DA9 /* ViewController.swift in Sources */ = {isa = PBXBuildFile; fileRef = 490080751FBBD89A00388DA9 /* ViewController.swift */; };
		490080791FBBD89A00388DA9 /* Main.storyboard in Resources */ = {isa = PBXBuildFile; fileRef = 490080771FBBD89A00388DA9 /* Main.storyboard */; };
		4900807B1FBBD89A00388DA9 /* Assets.xcassets in Resources */ = {isa = PBXBuildFile; fileRef = 4900807A1FBBD89A00388DA9 /* Assets.xcassets */; };
		4900807E1FBBD89A00388DA9 /* LaunchScreen.storyboard in Resources */ = {isa = PBXBuildFile; fileRef = 4900807C1FBBD89A00388DA9 /* LaunchScreen.storyboard */; };
		490080891FBBD89A00388DA9 /* Secret_FoldersTests.swift in Sources */ = {isa = PBXBuildFile; fileRef = 490080881FBBD89A00388DA9 /* Secret_FoldersTests.swift */; };
		490080941FBBD89A00388DA9 /* Secret_FoldersUITests.swift in Sources */ = {isa = PBXBuildFile; fileRef = 490080931FBBD89A00388DA9 /* Secret_FoldersUITests.swift */; };
/* End PBXBuildFile section */

/* Begin PBXContainerItemProxy section */
		490080851FBBD89A00388DA9 /* PBXContainerItemProxy */ = {
			isa = PBXContainerItemProxy;
			containerPortal = 490080681FBBD89900388DA9 /* Project object */;
			proxyType = 1;
			remoteGlobalIDString = 4900806F1FBBD89900388DA9;
			remoteInfo = Secret_Folders;
		};
		490080901FBBD89A00388DA9 /* PBXContainerItemProxy */ = {
			isa = PBXContainerItemProxy;
			containerPortal = 490080681FBBD89900388DA9 /* Project object */;
			proxyType = 1;
			remoteGlobalIDString = 4900806F1FBBD89900388DA9;
			remoteInfo = Secret_Folders;
		};
/* End PBXContainerItemProxy section */

/* Begin PBXFileReference section */
		490080701FBBD89A00388DA9 /* Secret_Folders.app */ = {isa = PBXFileReference; explicitFileType = wrapper.application; includeInIndex = 0; path = Secret_Folders.app; sourceTree = BUILT_PRODUCTS_DIR; };
		490080731FBBD89A00388DA9 /* AppDelegate.swift */ = {isa = PBXFileReference; lastKnownFileType = sourcecode.swift; path = AppDelegate.swift; sourceTree = "<group>"; };
		490080751FBBD89A00388DA9 /* ViewController.swift */ = {isa = PBXFileReference; lastKnownFileType = sourcecode.swift; path = ViewController.swift; sourceTree = "<group>"; };
		490080781FBBD89A00388DA9 /* Base */ = {isa = PBXFileReference; lastKnownFileType = file.storyboard; name = Base; path = Base.lproj/Main.storyboard; sourceTree = "<group>"; };
		4900807A1FBBD89A00388DA9 /* Assets.xcassets */ = {isa = PBXFileReference; lastKnownFileType = folder.assetcatalog; path = Assets.xcassets; sourceTree = "<group>"; };
		4900807D1FBBD89A00388DA9 /* Base */ = {isa = PBXFileReference; lastKnownFileType = file.storyboard; name = Base; path = Base.lproj/LaunchScreen.storyboard; sourceTree = "<group>"; };
		4900807F1FBBD89A00388DA9 /* Info.plist */ = {isa = PBXFileReference; lastKnownFileType = text.plist.xml; path = Info.plist; sourceTree = "<group>"; };
		490080841FBBD89A00388DA9 /* Secret_FoldersTests.xctest */ = {isa = PBXFileReference; explicitFileType = wrapper.cfbundle; includeInIndex = 0; path = Secret_FoldersTests.xctest; sourceTree = BUILT_PRODUCTS_DIR; };
		490080881FBBD89A00388DA9 /* Secret_FoldersTests.swift */ = {isa = PBXFileReference; lastKnownFileType = sourcecode.swift; path = Secret_FoldersTests.swift; sourceTree = "<group>"; };
		4900808A1FBBD89A00388DA9 /* Info.plist */ = {isa = PBXFileReference; lastKnownFileType = text.plist.xml; path = Info.plist; sourceTree = "<group>"; };
		4900808F1FBBD89A00388DA9 /* Secret_FoldersUITests.xctest */ = {isa = PBXFileReference; explicitFileType = wrapper.cfbundle; includeInIndex = 0; path = Secret_FoldersUITests.xctest; sourceTree = BUILT_PRODUCTS_DIR; };
		490080931FBBD89A00388DA9 /* Secret_FoldersUITests.swift */ = {isa = PBXFileReference; lastKnownFileType = sourcecode.swift; path = Secret_FoldersUITests.swift; sourceTree = "<group>"; };
		490080951FBBD89A00388DA9 /* Info.plist */ = {isa = PBXFileReference; lastKnownFileType = text.plist.xml; path = Info.plist; sourceTree = "<group>"; };
/* End PBXFileReference section */

/* Begin PBXFrameworksBuildPhase section */
		4900806D1FBBD89900388DA9 /* Frameworks */ = {
			isa = PBXFrameworksBuildPhase;
			buildActionMask = 2147483647;
			files = (
			);
			runOnlyForDeploymentPostprocessing = 0;
		};
		490080811FBBD89A00388DA9 /* Frameworks */ = {
			isa = PBXFrameworksBuildPhase;
			buildActionMask = 2147483647;
			files = (
			);
			runOnlyForDeploymentPostprocessing = 0;
		};
		4900808C1FBBD89A00388DA9 /* Frameworks */ = {
			isa = PBXFrameworksBuildPhase;
			buildActionMask = 2147483647;
			files = (
			);
			runOnlyForDeploymentPostprocessing = 0;
		};
/* End PBXFrameworksBuildPhase section */

/* Begin PBXGroup section */
		490080671FBBD89900388DA9 = {
			isa = PBXGroup;
			children = (
				490080721FBBD89A00388DA9 /* Secret_Folders */,
				490080871FBBD89A00388DA9 /* Secret_FoldersTests */,
				490080921FBBD89A00388DA9 /* Secret_FoldersUITests */,
				490080711FBBD89A00388DA9 /* Products */,
			);
			sourceTree = "<group>";
		};
		490080711FBBD89A00388DA9 /* Products */ = {
			isa = PBXGroup;
			children = (
				490080701FBBD89A00388DA9 /* Secret_Folders.app */,
				490080841FBBD89A00388DA9 /* Secret_FoldersTests.xctest */,
				4900808F1FBBD89A00388DA9 /* Secret_FoldersUITests.xctest */,
			);
			name = Products;
			sourceTree = "<group>";
		};
		490080721FBBD89A00388DA9 /* Secret_Folders */ = {
			isa = PBXGroup;
			children = (
				490080731FBBD89A00388DA9 /* AppDelegate.swift */,
				490080751FBBD89A00388DA9 /* ViewController.swift */,
				490080771FBBD89A00388DA9 /* Main.storyboard */,
				4900807A1FBBD89A00388DA9 /* Assets.xcassets */,
				4900807C1FBBD89A00388DA9 /* LaunchScreen.storyboard */,
				4900807F1FBBD89A00388DA9 /* Info.plist */,
			);
			path = Secret_Folders;
			sourceTree = "<group>";
		};
		490080871FBBD89A00388DA9 /* Secret_FoldersTests */ = {
			isa = PBXGroup;
			children = (
				490080881FBBD89A00388DA9 /* Secret_FoldersTests.swift */,
				4900808A1FBBD89A00388DA9 /* Info.plist */,
			);
			path = Secret_FoldersTests;
			sourceTree = "<group>";
		};
		490080921FBBD89A00388DA9 /* Secret_FoldersUITests */ = {
			isa = PBXGroup;
			children = (
				490080931FBBD89A00388DA9 /* Secret_FoldersUITests.swift */,
				490080951FBBD89A00388DA9 /* Info.plist */,
			);
			path = Secret_FoldersUITests;
			sourceTree = "<group>";
		};
/* End PBXGroup section */

/* Begin PBXNativeTarget section */
		4900806F1FBBD89900388DA9 /* Secret_Folders */ = {
			isa = PBXNativeTarget;
			buildConfigurationList = 490080981FBBD89A00388DA9 /* Build configuration list for PBXNativeTarget "Secret_Folders" */;
			buildPhases = (
				4900806C1FBBD89900388DA9 /* Sources */,
				4900806D1FBBD89900388DA9 /* Frameworks */,
				4900806E1FBBD89900388DA9 /* Resources */,
			);
			buildRules = (
			);
			dependencies = (
			);
			name = Secret_Folders;
			productName = Secret_Folders;
			productReference = 490080701FBBD89A00388DA9 /* Secret_Folders.app */;
			productType = "com.apple.product-type.application";
		};
		490080831FBBD89A00388DA9 /* Secret_FoldersTests */ = {
			isa = PBXNativeTarget;
			buildConfigurationList = 4900809B1FBBD89A00388DA9 /* Build configuration list for PBXNativeTarget "Secret_FoldersTests" */;
			buildPhases = (
				490080801FBBD89A00388DA9 /* Sources */,
				490080811FBBD89A00388DA9 /* Frameworks */,
				490080821FBBD89A00388DA9 /* Resources */,
			);
			buildRules = (
			);
			dependencies = (
				490080861FBBD89A00388DA9 /* PBXTargetDependency */,
			);
			name = Secret_FoldersTests;
			productName = Secret_FoldersTests;
			productReference = 490080841FBBD89A00388DA9 /* Secret_FoldersTests.xctest */;
			productType = "com.apple.product-type.bundle.unit-test";
		};
		4900808E1FBBD89A00388DA9 /* Secret_FoldersUITests */ = {
			isa = PBXNativeTarget;
			buildConfigurationList = 4900809E1FBBD89A00388DA9 /* Build configuration list for PBXNativeTarget "Secret_FoldersUITests" */;
			buildPhases = (
				4900808B1FBBD89A00388DA9 /* Sources */,
				4900808C1FBBD89A00388DA9 /* Frameworks */,
				4900808D1FBBD89A00388DA9 /* Resources */,
			);
			buildRules = (
			);
			dependencies = (
				490080911FBBD89A00388DA9 /* PBXTargetDependency */,
			);
			name = Secret_FoldersUITests;
			productName = Secret_FoldersUITests;
			productReference = 4900808F1FBBD89A00388DA9 /* Secret_FoldersUITests.xctest */;
			productType = "com.apple.product-type.bundle.ui-testing";
		};
/* End PBXNativeTarget section */

/* Begin PBXProject section */
		490080681FBBD89900388DA9 /* Project object */ = {
			isa = PBXProject;
			attributes = {
				LastSwiftUpdateCheck = 0830;
				LastUpgradeCheck = 0830;
				ORGANIZATIONNAME = Anonymous;
				TargetAttributes = {
					4900806F1FBBD89900388DA9 = {
						CreatedOnToolsVersion = 8.3.3;
						ProvisioningStyle = Automatic;
					};
					490080831FBBD89A00388DA9 = {
						CreatedOnToolsVersion = 8.3.3;
						ProvisioningStyle = Automatic;
						TestTargetID = 4900806F1FBBD89900388DA9;
					};
					4900808E1FBBD89A00388DA9 = {
						CreatedOnToolsVersion = 8.3.3;
						ProvisioningStyle = Automatic;
						TestTargetID = 4900806F1FBBD89900388DA9;
					};
				};
			};
			buildConfigurationList = 4900806B1FBBD89900388DA9 /* Build configuration list for PBXProject "Secret_Folders" */;
			compatibilityVersion = "Xcode 3.2";
			developmentRegion = English;
			hasScannedForEncodings = 0;
			knownRegions = (
				en,
				Base,
			);
			mainGroup = 490080671FBBD89900388DA9;
			productRefGroup = 490080711FBBD89A00388DA9 /* Products */;
			projectDirPath = "";
			projectRoot = "";
			targets = (
				4900806F1FBBD89900388DA9 /* Secret_Folders */,
				490080831FBBD89A00388DA9 /* Secret_FoldersTests */,
				4900808E1FBBD89A00388DA9 /* Secret_FoldersUITests */,
			);
		};
/* End PBXProject section */

/* Begin PBXResourcesBuildPhase section */
		4900806E1FBBD89900388DA9 /* Resources */ = {
			isa = PBXResourcesBuildPhase;
			buildActionMask = 2147483647;
			files = (
				4900807E1FBBD89A00388DA9 /* LaunchScreen.storyboard in Resources */,
				4900807B1FBBD89A00388DA9 /* Assets.xcassets in Resources */,
				490080791FBBD89A00388DA9 /* Main.storyboard in Resources */,
			);
			runOnlyForDeploymentPostprocessing = 0;
		};
		490080821FBBD89A00388DA9 /* Resources */ = {
			isa = PBXResourcesBuildPhase;
			buildActionMask = 2147483647;
			files = (
			);
			runOnlyForDeploymentPostprocessing = 0;
		};
		4900808D1FBBD89A00388DA9 /* Resources */ = {
			isa = PBXResourcesBuildPhase;
			buildActionMask = 2147483647;
			files = (
			);
			runOnlyForDeploymentPostprocessing = 0;
		};
/* End PBXResourcesBuildPhase section */

/* Begin PBXSourcesBuildPhase section */
		4900806C1FBBD89900388DA9 /* Sources */ = {
			isa = PBXSourcesBuildPhase;
			buildActionMask = 2147483647;
			files = (
				490080761FBBD89A00388DA9 /* ViewController.swift in Sources */,
				490080741FBBD89A00388DA9 /* AppDelegate.swift in Sources */,
			);
			runOnlyForDeploymentPostprocessing = 0;
		};
		490080801FBBD89A00388DA9 /* Sources */ = {
			isa = PBXSourcesBuildPhase;
			buildActionMask = 2147483647;
			files = (
				490080891FBBD89A00388DA9 /* Secret_FoldersTests.swift in Sources */,
			);
			runOnlyForDeploymentPostprocessing = 0;
		};
		4900808B1FBBD89A00388DA9 /* Sources */ = {
			isa = PBXSourcesBuildPhase;
			buildActionMask = 2147483647;
			files = (
				490080941FBBD89A00388DA9 /* Secret_FoldersUITests.swift in Sources */,
			);
			runOnlyForDeploymentPostprocessing = 0;
		};
/* End PBXSourcesBuildPhase section */

/* Begin PBXTargetDependency section */
		490080861FBBD89A00388DA9 /* PBXTargetDependency */ = {
			isa = PBXTargetDependency;
			target = 4900806F1FBBD89900388DA9 /* Secret_Folders */;
			targetProxy = 490080851FBBD89A00388DA9 /* PBXContainerItemProxy */;
		};
		490080911FBBD89A00388DA9 /* PBXTargetDependency */ = {
			isa = PBXTargetDependency;
			target = 4900806F1FBBD89900388DA9 /* Secret_Folders */;
			targetProxy = 490080901FBBD89A00388DA9 /* PBXContainerItemProxy */;
		};
/* End PBXTargetDependency section */

/* Begin PBXVariantGroup section */
		490080771FBBD89A00388DA9 /* Main.storyboard */ = {
			isa = PBXVariantGroup;
			children = (
				490080781FBBD89A00388DA9 /* Base */,
			);
			name = Main.storyboard;
			sourceTree = "<group>";
		};
		4900807C1FBBD89A00388DA9 /* LaunchScreen.storyboard */ = {
			isa = PBXVariantGroup;
			children = (
				4900807D1FBBD89A00388DA9 /* Base */,
			);
			name = LaunchScreen.storyboard;
			sourceTree = "<group>";
		};
/* End PBXVariantGroup section */

/* Begin XCBuildConfiguration section */
		490080961FBBD89A00388DA9 /* Debug */ = {
			isa = XCBuildConfiguration;
			buildSettings = {
				ALWAYS_SEARCH_USER_PATHS = NO;
				CLANG_ANALYZER_NONNULL = YES;
				CLANG_ANALYZER_NUMBER_OBJECT_CONVERSION = YES_AGGRESSIVE;
				CLANG_CXX_LANGUAGE_STANDARD = "gnu++0x";
				CLANG_CXX_LIBRARY = "libc++";
				CLANG_ENABLE_MODULES = YES;
				CLANG_ENABLE_OBJC_ARC = YES;
				CLANG_WARN_BOOL_CONVERSION = YES;
				CLANG_WARN_CONSTANT_CONVERSION = YES;
				CLANG_WARN_DIRECT_OBJC_ISA_USAGE = YES_ERROR;
				CLANG_WARN_DOCUMENTATION_COMMENTS = YES;
				CLANG_WARN_EMPTY_BODY = YES;
				CLANG_WARN_ENUM_CONVERSION = YES;
				CLANG_WARN_INFINITE_RECURSION = YES;
				CLANG_WARN_INT_CONVERSION = YES;
				CLANG_WARN_OBJC_ROOT_CLASS = YES_ERROR;
				CLANG_WARN_SUSPICIOUS_MOVE = YES;
				CLANG_WARN_UNREACHABLE_CODE = YES;
				CLANG_WARN__DUPLICATE_METHOD_MATCH = YES;
				"CODE_SIGN_IDENTITY[sdk=iphoneos*]" = "iPhone Developer";
				COPY_PHASE_STRIP = NO;
				DEBUG_INFORMATION_FORMAT = dwarf;
				ENABLE_STRICT_OBJC_MSGSEND = YES;
				ENABLE_TESTABILITY = YES;
				GCC_C_LANGUAGE_STANDARD = gnu99;
				GCC_DYNAMIC_NO_PIC = NO;
				GCC_NO_COMMON_BLOCKS = YES;
				GCC_OPTIMIZATION_LEVEL = 0;
				GCC_PREPROCESSOR_DEFINITIONS = (
					"DEBUG=1",
					"$(inherited)",
				);
				GCC_WARN_64_TO_32_BIT_CONVERSION = YES;
				GCC_WARN_ABOUT_RETURN_TYPE = YES_ERROR;
				GCC_WARN_UNDECLARED_SELECTOR = YES;
				GCC_WARN_UNINITIALIZED_AUTOS = YES_AGGRESSIVE;
				GCC_WARN_UNUSED_FUNCTION = YES;
				GCC_WARN_UNUSED_VARIABLE = YES;
				IPHONEOS_DEPLOYMENT_TARGET = 10.3;
				MTL_ENABLE_DEBUG_INFO = YES;
				ONLY_ACTIVE_ARCH = YES;
				SDKROOT = iphoneos;
				SWIFT_ACTIVE_COMPILATION_CONDITIONS = DEBUG;
				SWIFT_OPTIMIZATION_LEVEL = "-Onone";
				TARGETED_DEVICE_FAMILY = "1,2";
			};
			name = Debug;
		};
		490080971FBBD89A00388DA9 /* Release */ = {
			isa = XCBuildConfiguration;
			buildSettings = {
				ALWAYS_SEARCH_USER_PATHS = NO;
				CLANG_ANALYZER_NONNULL = YES;
				CLANG_ANALYZER_NUMBER_OBJECT_CONVERSION = YES_AGGRESSIVE;
				CLANG_CXX_LANGUAGE_STANDARD = "gnu++0x";
				CLANG_CXX_LIBRARY = "libc++";
				CLANG_ENABLE_MODULES = YES;
				CLANG_ENABLE_OBJC_ARC = YES;
				CLANG_WARN_BOOL_CONVERSION = YES;
				CLANG_WARN_CONSTANT_CONVERSION = YES;
				CLANG_WARN_DIRECT_OBJC_ISA_USAGE = YES_ERROR;
				CLANG_WARN_DOCUMENTATION_COMMENTS = YES;
				CLANG_WARN_EMPTY_BODY = YES;
				CLANG_WARN_ENUM_CONVERSION = YES;
				CLANG_WARN_INFINITE_RECURSION = YES;
				CLANG_WARN_INT_CONVERSION = YES;
				CLANG_WARN_OBJC_ROOT_CLASS = YES_ERROR;
				CLANG_WARN_SUSPICIOUS_MOVE = YES;
				CLANG_WARN_UNREACHABLE_CODE = YES;
				CLANG_WARN__DUPLICATE_METHOD_MATCH = YES;
				"CODE_SIGN_IDENTITY[sdk=iphoneos*]" = "iPhone Developer";
				COPY_PHASE_STRIP = NO;
				DEBUG_INFORMATION_FORMAT = "dwarf-with-dsym";
				ENABLE_NS_ASSERTIONS = NO;
				ENABLE_STRICT_OBJC_MSGSEND = YES;
				GCC_C_LANGUAGE_STANDARD = gnu99;
				GCC_NO_COMMON_BLOCKS = YES;
				GCC_WARN_64_TO_32_BIT_CONVERSION = YES;
				GCC_WARN_ABOUT_RETURN_TYPE = YES_ERROR;
				GCC_WARN_UNDECLARED_SELECTOR = YES;
				GCC_WARN_UNINITIALIZED_AUTOS = YES_AGGRESSIVE;
				GCC_WARN_UNUSED_FUNCTION = YES;
				GCC_WARN_UNUSED_VARIABLE = YES;
				IPHONEOS_DEPLOYMENT_TARGET = 10.3;
				MTL_ENABLE_DEBUG_INFO = NO;
				SDKROOT = iphoneos;
				SWIFT_OPTIMIZATION_LEVEL = "-Owholemodule";
				TARGETED_DEVICE_FAMILY = "1,2";
				VALIDATE_PRODUCT = YES;
			};
			name = Release;
		};
		490080991FBBD89A00388DA9 /* Debug */ = {
			isa = XCBuildConfiguration;
			buildSettings = {
				ASSETCATALOG_COMPILER_APPICON_NAME = AppIcon;
				INFOPLIST_FILE = Secret_Folders/Info.plist;
				LD_RUNPATH_SEARCH_PATHS = "$(inherited) @executable_path/Frameworks";
				PRODUCT_BUNDLE_IDENTIFIER = "seo-s-world.Secret-Folders";
				PRODUCT_NAME = "$(TARGET_NAME)";
				SWIFT_VERSION = 3.0;
			};
			name = Debug;
		};
		4900809A1FBBD89A00388DA9 /* Release */ = {
			isa = XCBuildConfiguration;
			buildSettings = {
				ASSETCATALOG_COMPILER_APPICON_NAME = AppIcon;
				INFOPLIST_FILE = Secret_Folders/Info.plist;
				LD_RUNPATH_SEARCH_PATHS = "$(inherited) @executable_path/Frameworks";
				PRODUCT_BUNDLE_IDENTIFIER = "seo-s-world.Secret-Folders";
				PRODUCT_NAME = "$(TARGET_NAME)";
				SWIFT_VERSION = 3.0;
			};
			name = Release;
		};
		4900809C1FBBD89A00388DA9 /* Debug */ = {
			isa = XCBuildConfiguration;
			buildSettings = {
				ALWAYS_EMBED_SWIFT_STANDARD_LIBRARIES = YES;
				BUNDLE_LOADER = "$(TEST_HOST)";
				INFOPLIST_FILE = Secret_FoldersTests/Info.plist;
				LD_RUNPATH_SEARCH_PATHS = "$(inherited) @executable_path/Frameworks @loader_path/Frameworks";
				PRODUCT_BUNDLE_IDENTIFIER = "seo-s-world.Secret-FoldersTests";
				PRODUCT_NAME = "$(TARGET_NAME)";
				SWIFT_VERSION = 3.0;
				TEST_HOST = "$(BUILT_PRODUCTS_DIR)/Secret_Folders.app/Secret_Folders";
			};
			name = Debug;
		};
		4900809D1FBBD89A00388DA9 /* Release */ = {
			isa = XCBuildConfiguration;
			buildSettings = {
				ALWAYS_EMBED_SWIFT_STANDARD_LIBRARIES = YES;
				BUNDLE_LOADER = "$(TEST_HOST)";
				INFOPLIST_FILE = Secret_FoldersTests/Info.plist;
				LD_RUNPATH_SEARCH_PATHS = "$(inherited) @executable_path/Frameworks @loader_path/Frameworks";
				PRODUCT_BUNDLE_IDENTIFIER = "seo-s-world.Secret-FoldersTests";
				PRODUCT_NAME = "$(TARGET_NAME)";
				SWIFT_VERSION = 3.0;
				TEST_HOST = "$(BUILT_PRODUCTS_DIR)/Secret_Folders.app/Secret_Folders";
			};
			name = Release;
		};
		4900809F1FBBD89A00388DA9 /* Debug */ = {
			isa = XCBuildConfiguration;
			buildSettings = {
				ALWAYS_EMBED_SWIFT_STANDARD_LIBRARIES = YES;
				INFOPLIST_FILE = Secret_FoldersUITests/Info.plist;
				LD_RUNPATH_SEARCH_PATHS = "$(inherited) @executable_path/Frameworks @loader_path/Frameworks";
				PRODUCT_BUNDLE_IDENTIFIER = "seo-s-world.Secret-FoldersUITests";
				PRODUCT_NAME = "$(TARGET_NAME)";
				SWIFT_VERSION = 3.0;
				TEST_TARGET_NAME = Secret_Folders;
			};
			name = Debug;
		};
		490080A01FBBD89A00388DA9 /* Release */ = {
			isa = XCBuildConfiguration;
			buildSettings = {
				ALWAYS_EMBED_SWIFT_STANDARD_LIBRARIES = YES;
				INFOPLIST_FILE = Secret_FoldersUITests/Info.plist;
				LD_RUNPATH_SEARCH_PATHS = "$(inherited) @executable_path/Frameworks @loader_path/Frameworks";
				PRODUCT_BUNDLE_IDENTIFIER = "seo-s-world.Secret-FoldersUITests";
				PRODUCT_NAME = "$(TARGET_NAME)";
				SWIFT_VERSION = 3.0;
				TEST_TARGET_NAME = Secret_Folders;
			};
			name = Release;
		};
/* End XCBuildConfiguration section */

/* Begin XCConfigurationList section */
		4900806B1FBBD89900388DA9 /* Build configuration list for PBXProject "Secret_Folders" */ = {
			isa = XCConfigurationList;
			buildConfigurations = (
				490080961FBBD89A00388DA9 /* Debug */,
				490080971FBBD89A00388DA9 /* Release */,
			);
			defaultConfigurationIsVisible = 0;
			defaultConfigurationName = Release;
		};
		490080981FBBD89A00388DA9 /* Build configuration list for PBXNativeTarget "Secret_Folders" */ = {
			isa = XCConfigurationList;
			buildConfigurations = (
				490080991FBBD89A00388DA9 /* Debug */,
				4900809A1FBBD89A00388DA9 /* Release */,
			);
			defaultConfigurationIsVisible = 0;
		};
		4900809B1FBBD89A00388DA9 /* Build configuration list for PBXNativeTarget "Secret_FoldersTests" */ = {
			isa = XCConfigurationList;
			buildConfigurations = (
				4900809C1FBBD89A00388DA9 /* Debug */,
				4900809D1FBBD89A00388DA9 /* Release */,
			);
			defaultConfigurationIsVisible = 0;
		};
		4900809E1FBBD89A00388DA9 /* Build configuration list for PBXNativeTarget "Secret_FoldersUITests" */ = {
			isa = XCConfigurationList;
			buildConfigurations = (
				4900809F1FBBD89A00388DA9 /* Debug */,
				490080A01FBBD89A00388DA9 /* Release */,
			);
			defaultConfigurationIsVisible = 0;
		};
/* End XCConfigurationList section */
	};
	rootObject = 490080681FBBD89900388DA9 /* Project object */;
}
